{
  "projects": [
    {
      "projectId": "6FdjgAyps8XDCSRfwRbJca",
      "version": "latest",
      "dependencies": {},
      "lang": "ts",
      "fileLocks": [
        {
          "type": "globalVariant",
          "assetId": "DuU_UFDf12SY",
          "checksum": "4878bdbce57259052c11f57fc007b630"
        },
        {
          "type": "renderModule",
          "assetId": "Re6zUsQooKFE",
          "checksum": "72994fd48800202dcad9cb2bc755f789"
        },
        {
          "type": "cssRules",
          "assetId": "Re6zUsQooKFE",
          "checksum": "72994fd48800202dcad9cb2bc755f789"
        },
        {
          "type": "image",
          "assetId": "1rYsNtJwD",
          "checksum": "b8c88d6e43dd5fca91d63fa99268bdca"
        },
        {
          "type": "image",
          "assetId": "MtjfrG2qU",
          "checksum": "cde58e545e98e80b19abc98e4a35f822"
        },
        {
          "type": "image",
          "assetId": "Ce6bHuWfx",
          "checksum": "57db3078ff339af0c55f6916cde8d992"
        },
        {
          "assetId": "6FdjgAyps8XDCSRfwRbJca",
          "type": "projectCss",
          "checksum": "88aa2e911668ed4fb2f2bf6ee7ff99a4"
        }
      ]
    }
  ],
  "cliVersion": "0.1.135"
}
