{
  "projects": [
    {
      "projectId": "6FdjgAyps8XDCSRfwRbJca",
      "version": "latest",
      "dependencies": {},
      "lang": "ts",
      "fileLocks": [
        {
          "type": "globalVariant",
          "assetId": "DuU_UFDf12SY",
          "checksum": "5c9d7bfca3c0bd4cffcd3f865b3c3323"
        },
        {
          "type": "renderModule",
          "assetId": "Re6zUsQooKFE",
          "checksum": "6da21ceee4fac66c0c5a7409e9b5074d"
        },
        {
          "type": "cssRules",
          "assetId": "Re6zUsQooKFE",
          "checksum": "6da21ceee4fac66c0c5a7409e9b5074d"
        },
        {
          "type": "image",
          "assetId": "1rYsNtJwD",
          "checksum": "b8c88d6e43dd5fca91d63fa99268bdca"
        },
        {
          "type": "image",
          "assetId": "MtjfrG2qU",
          "checksum": "cde58e545e98e80b19abc98e4a35f822"
        },
        {
          "type": "image",
          "assetId": "Ce6bHuWfx",
          "checksum": "57db3078ff339af0c55f6916cde8d992"
        },
        {
          "type": "renderModule",
          "assetId": "dgrRbg4850",
          "checksum": "a722454746ae6ebb7cb89a7ca10d8514"
        },
        {
          "type": "cssRules",
          "assetId": "dgrRbg4850",
          "checksum": "a722454746ae6ebb7cb89a7ca10d8514"
        },
        {
          "type": "image",
          "assetId": "zhwWa8Kku",
          "checksum": "c7659cb062cba7786d426a7b438ebc0c"
        },
        {
          "type": "image",
          "assetId": "GoRcFSzLr",
          "checksum": "412a48205311e66a05d5a45de09e69de"
        },
        {
          "type": "image",
          "assetId": "MbKU63Cum",
          "checksum": "b833d887a40bc8b18909d33d07fc43a0"
        },
        {
          "type": "image",
          "assetId": "rAON8acU8",
          "checksum": "987012b08b887370d5a3468f9d2da37d"
        },
        {
          "assetId": "6FdjgAyps8XDCSRfwRbJca",
          "type": "projectCss",
          "checksum": "b609ae758cdbd355ab0db2992ed841e2"
        }
      ]
    }
  ],
  "cliVersion": "0.1.135"
}
